
Microsoft Visual Studio Solution File, Format Version 12.00
# Visual Studio 14
VisualStudioVersion = 14.0.24720.0
MinimumVisualStudioVersion = 10.0.40219.1
Project("{8BB2217D-0F2D-49D1-97BC-3654ED321F3B}") = "Mvc.Client", "samples\Mvc\Mvc.Client\Mvc.Client.xproj", "{68631868-902A-46FB-9A44-BACF1812FBDE}"
EndProject
Project("{8BB2217D-0F2D-49D1-97BC-3654ED321F3B}") = "Mvc.Server", "samples\Mvc\Mvc.Server\Mvc.Server.xproj", "{440B6A0C-05F3-4483-B4AA-FB0BC4B239FF}"
EndProject
Project("{2150E333-8FDC-42A3-9474-1A3956D46DE8}") = "Multiple Projects Sample", "Multiple Projects Sample", "{61F3E0D4-509C-4F0B-BD9F-DC1444C41368}"
EndProject
Project("{2150E333-8FDC-42A3-9474-1A3956D46DE8}") = "Mvc", "Mvc", "{139182EF-E215-4E9C-91AA-312F29B33A76}"
EndProject
Project("{2150E333-8FDC-42A3-9474-1A3956D46DE8}") = "Solution Items", "Solution Items", "{57AA233F-DD3B-4971-9C24-D024E07656EE}"
	ProjectSection(SolutionItems) = preProject
		global.json = global.json
		NuGet.config = NuGet.config
	EndProjectSection
EndProject
Project("{8BB2217D-0F2D-49D1-97BC-3654ED321F3B}") = "IdentityServer", "samples\Multiple Projects Sample\IdentityServer\IdentityServer.xproj", "{9D6D80F7-350A-48EC-8D7C-62EFEC1E535A}"
EndProject
Project("{2150E333-8FDC-42A3-9474-1A3956D46DE8}") = "Servers", "Servers", "{11964885-FA5C-40BF-9713-4A2CB00378EB}"
EndProject
Project("{8BB2217D-0F2D-49D1-97BC-3654ED321F3B}") = "Client", "samples\Multiple Projects Sample\Client\Client.xproj", "{4FF89AB0-4FE9-482C-8A34-BE16616EB518}"
EndProject
Project("{2150E333-8FDC-42A3-9474-1A3956D46DE8}") = "Clients", "Clients", "{2BC319F6-6C0F-44D0-A376-DA1988D42DD5}"
EndProject
Global
	GlobalSection(SolutionConfigurationPlatforms) = preSolution
		Debug|Any CPU = Debug|Any CPU
		Release|Any CPU = Release|Any CPU
	EndGlobalSection
	GlobalSection(ProjectConfigurationPlatforms) = postSolution
		{68631868-902A-46FB-9A44-BACF1812FBDE}.Debug|Any CPU.ActiveCfg = Debug|Any CPU
		{68631868-902A-46FB-9A44-BACF1812FBDE}.Debug|Any CPU.Build.0 = Debug|Any CPU
		{68631868-902A-46FB-9A44-BACF1812FBDE}.Release|Any CPU.ActiveCfg = Release|Any CPU
		{68631868-902A-46FB-9A44-BACF1812FBDE}.Release|Any CPU.Build.0 = Release|Any CPU
		{440B6A0C-05F3-4483-B4AA-FB0BC4B239FF}.Debug|Any CPU.ActiveCfg = Debug|Any CPU
		{440B6A0C-05F3-4483-B4AA-FB0BC4B239FF}.Debug|Any CPU.Build.0 = Debug|Any CPU
		{440B6A0C-05F3-4483-B4AA-FB0BC4B239FF}.Release|Any CPU.ActiveCfg = Release|Any CPU
		{440B6A0C-05F3-4483-B4AA-FB0BC4B239FF}.Release|Any CPU.Build.0 = Release|Any CPU
		{9D6D80F7-350A-48EC-8D7C-62EFEC1E535A}.Debug|Any CPU.ActiveCfg = Debug|Any CPU
		{9D6D80F7-350A-48EC-8D7C-62EFEC1E535A}.Debug|Any CPU.Build.0 = Debug|Any CPU
		{9D6D80F7-350A-48EC-8D7C-62EFEC1E535A}.Release|Any CPU.ActiveCfg = Release|Any CPU
		{9D6D80F7-350A-48EC-8D7C-62EFEC1E535A}.Release|Any CPU.Build.0 = Release|Any CPU
		{4FF89AB0-4FE9-482C-8A34-BE16616EB518}.Debug|Any CPU.ActiveCfg = Debug|Any CPU
		{4FF89AB0-4FE9-482C-8A34-BE16616EB518}.Debug|Any CPU.Build.0 = Debug|Any CPU
		{4FF89AB0-4FE9-482C-8A34-BE16616EB518}.Release|Any CPU.ActiveCfg = Release|Any CPU
		{4FF89AB0-4FE9-482C-8A34-BE16616EB518}.Release|Any CPU.Build.0 = Release|Any CPU
	EndGlobalSection
	GlobalSection(SolutionProperties) = preSolution
		HideSolutionNode = FALSE
	EndGlobalSection
	GlobalSection(NestedProjects) = preSolution
		{68631868-902A-46FB-9A44-BACF1812FBDE} = {139182EF-E215-4E9C-91AA-312F29B33A76}
		{440B6A0C-05F3-4483-B4AA-FB0BC4B239FF} = {139182EF-E215-4E9C-91AA-312F29B33A76}
		{9D6D80F7-350A-48EC-8D7C-62EFEC1E535A} = {11964885-FA5C-40BF-9713-4A2CB00378EB}
		{11964885-FA5C-40BF-9713-4A2CB00378EB} = {61F3E0D4-509C-4F0B-BD9F-DC1444C41368}
		{4FF89AB0-4FE9-482C-8A34-BE16616EB518} = {2BC319F6-6C0F-44D0-A376-DA1988D42DD5}
		{2BC319F6-6C0F-44D0-A376-DA1988D42DD5} = {61F3E0D4-509C-4F0B-BD9F-DC1444C41368}
	EndGlobalSection
EndGlobal
